
Microsoft Visual Studio Solution File, Format Version 12.00
# Visual Studio Version 17
VisualStudioVersion = 17.1.32210.238
MinimumVisualStudioVersion = 10.0.40219.1
Project("{9A19103F-16F7-4668-BE54-9A1E7A4F7556}") = "BL", "BL\BL.csproj", "{3420E064-72AF-4801-8F86-1F7668C6DCDE}"
EndProject
Project("{9A19103F-16F7-4668-BE54-9A1E7A4F7556}") = "DL", "DL\DL.csproj", "{513137C6-0C1E-463E-9189-627FD632D3F9}"
EndProject
Project("{9A19103F-16F7-4668-BE54-9A1E7A4F7556}") = "PL2", "PL2\PL2.csproj", "{B60ECEC1-5BBC-4D5A-AE61-61943A48264B}"
EndProject
Project("{9A19103F-16F7-4668-BE54-9A1E7A4F7556}") = "ML", "ML\ML.csproj", "{C21290AE-DC45-44B6-BEDB-84E895EE4F75}"
EndProject
Project("{9A19103F-16F7-4668-BE54-9A1E7A4F7556}") = "DLAzure", "DLAzure\DLAzure.csproj", "{AB7CB1FE-AD81-44FB-94B5-64A63D6CE954}"
EndProject
Project("{FAE04EC0-301F-11D3-BF4B-00C04F79EFBC}") = "ConsoleApp1", "ConsoleApp1\ConsoleApp1.csproj", "{74F45835-5F8F-432E-95A0-72498295842E}"
EndProject
Project("{FAE04EC0-301F-11D3-BF4B-00C04F79EFBC}") = "ConsoleApp2", "ConsoleApp2\ConsoleApp2.csproj", "{C71F0BD1-232F-4CE1-81B0-9986515361AF}"
EndProject
Global
	GlobalSection(SolutionConfigurationPlatforms) = preSolution
		Debug|Any CPU = Debug|Any CPU
		Release|Any CPU = Release|Any CPU
	EndGlobalSection
	GlobalSection(ProjectConfigurationPlatforms) = postSolution
		{3420E064-72AF-4801-8F86-1F7668C6DCDE}.Debug|Any CPU.ActiveCfg = Debug|Any CPU
		{3420E064-72AF-4801-8F86-1F7668C6DCDE}.Debug|Any CPU.Build.0 = Debug|Any CPU
		{3420E064-72AF-4801-8F86-1F7668C6DCDE}.Release|Any CPU.ActiveCfg = Release|Any CPU
		{3420E064-72AF-4801-8F86-1F7668C6DCDE}.Release|Any CPU.Build.0 = Release|Any CPU
		{513137C6-0C1E-463E-9189-627FD632D3F9}.Debug|Any CPU.ActiveCfg = Debug|Any CPU
		{513137C6-0C1E-463E-9189-627FD632D3F9}.Debug|Any CPU.Build.0 = Debug|Any CPU
		{513137C6-0C1E-463E-9189-627FD632D3F9}.Release|Any CPU.ActiveCfg = Release|Any CPU
		{513137C6-0C1E-463E-9189-627FD632D3F9}.Release|Any CPU.Build.0 = Release|Any CPU
		{B60ECEC1-5BBC-4D5A-AE61-61943A48264B}.Debug|Any CPU.ActiveCfg = Debug|Any CPU
		{B60ECEC1-5BBC-4D5A-AE61-61943A48264B}.Debug|Any CPU.Build.0 = Debug|Any CPU
		{B60ECEC1-5BBC-4D5A-AE61-61943A48264B}.Release|Any CPU.ActiveCfg = Release|Any CPU
		{B60ECEC1-5BBC-4D5A-AE61-61943A48264B}.Release|Any CPU.Build.0 = Release|Any CPU
		{C21290AE-DC45-44B6-BEDB-84E895EE4F75}.Debug|Any CPU.ActiveCfg = Debug|Any CPU
		{C21290AE-DC45-44B6-BEDB-84E895EE4F75}.Debug|Any CPU.Build.0 = Debug|Any CPU
		{C21290AE-DC45-44B6-BEDB-84E895EE4F75}.Release|Any CPU.ActiveCfg = Release|Any CPU
		{C21290AE-DC45-44B6-BEDB-84E895EE4F75}.Release|Any CPU.Build.0 = Release|Any CPU
		{AB7CB1FE-AD81-44FB-94B5-64A63D6CE954}.Debug|Any CPU.ActiveCfg = Debug|Any CPU
		{AB7CB1FE-AD81-44FB-94B5-64A63D6CE954}.Debug|Any CPU.Build.0 = Debug|Any CPU
		{AB7CB1FE-AD81-44FB-94B5-64A63D6CE954}.Release|Any CPU.ActiveCfg = Release|Any CPU
		{AB7CB1FE-AD81-44FB-94B5-64A63D6CE954}.Release|Any CPU.Build.0 = Release|Any CPU
		{74F45835-5F8F-432E-95A0-72498295842E}.Debug|Any CPU.ActiveCfg = Debug|Any CPU
		{74F45835-5F8F-432E-95A0-72498295842E}.Debug|Any CPU.Build.0 = Debug|Any CPU
		{74F45835-5F8F-432E-95A0-72498295842E}.Release|Any CPU.ActiveCfg = Release|Any CPU
		{74F45835-5F8F-432E-95A0-72498295842E}.Release|Any CPU.Build.0 = Release|Any CPU
		{C71F0BD1-232F-4CE1-81B0-9986515361AF}.Debug|Any CPU.ActiveCfg = Debug|Any CPU
		{C71F0BD1-232F-4CE1-81B0-9986515361AF}.Debug|Any CPU.Build.0 = Debug|Any CPU
		{C71F0BD1-232F-4CE1-81B0-9986515361AF}.Release|Any CPU.ActiveCfg = Release|Any CPU
		{C71F0BD1-232F-4CE1-81B0-9986515361AF}.Release|Any CPU.Build.0 = Release|Any CPU
	EndGlobalSection
	GlobalSection(SolutionProperties) = preSolution
		HideSolutionNode = FALSE
	EndGlobalSection
	GlobalSection(ExtensibilityGlobals) = postSolution
		SolutionGuid = {A124FD58-0AFD-4C8F-A4D2-8A9C73D56786}
	EndGlobalSection
EndGlobal
